
Microsoft Visual Studio Solution File, Format Version 12.00
# Visual Studio Version 17
VisualStudioVersion = 17.0.32126.317
MinimumVisualStudioVersion = 10.0.40219.1
Project("{FAE04EC0-301F-11D3-BF4B-00C04F79EFBC}") = "AppCalculator", "AppCalculator\AppCalculator.csproj", "{7EC5B247-6B20-48C8-86AB-533124EBDEA0}"
EndProject
Project("{54435603-DBB4-11D2-8724-00A0C9A8B90C}") = "Calculator", "Calculator\Calculator.vdproj", "{51C5C45D-6874-42F9-B2ED-932E7B68413F}"
EndProject
Global
	GlobalSection(SolutionConfigurationPlatforms) = preSolution
		Debug|Any CPU = Debug|Any CPU
		Release|Any CPU = Release|Any CPU
	EndGlobalSection
	GlobalSection(ProjectConfigurationPlatforms) = postSolution
		{7EC5B247-6B20-48C8-86AB-533124EBDEA0}.Debug|Any CPU.ActiveCfg = Release|Any CPU
		{7EC5B247-6B20-48C8-86AB-533124EBDEA0}.Debug|Any CPU.Build.0 = Release|Any CPU
		{7EC5B247-6B20-48C8-86AB-533124EBDEA0}.Release|Any CPU.ActiveCfg = Release|Any CPU
		{7EC5B247-6B20-48C8-86AB-533124EBDEA0}.Release|Any CPU.Build.0 = Release|Any CPU
		{51C5C45D-6874-42F9-B2ED-932E7B68413F}.Debug|Any CPU.ActiveCfg = Debug
		{51C5C45D-6874-42F9-B2ED-932E7B68413F}.Release|Any CPU.ActiveCfg = Release
	EndGlobalSection
	GlobalSection(SolutionProperties) = preSolution
		HideSolutionNode = FALSE
	EndGlobalSection
	GlobalSection(ExtensibilityGlobals) = postSolution
		SolutionGuid = {719FBAF7-40D6-4AF6-A197-2201C614C630}
	EndGlobalSection
EndGlobal
